{
  "name": "projeto2",
  "version": "1.0.0",
  "lockfileVersion": 2,
  "requires": true,
  "packages": {
    "": {
      "name": "projeto2",
      "version": "1.0.0",
      "license": "ISC",
      "dependencies": {
        "calculadora": "file:../2.projeto 1 (criar pacote do projeto)"
      }
    },
    "../2.projeto 1 (criar pacote do projeto)": {
      "name": "calculadora",
      "version": "1.0.0",
      "license": "ISC"
    },
    "node_modules/calculadora": {
      "resolved": "../2.projeto 1 (criar pacote do projeto)",
      "link": true
    }
  },
  "dependencies": {
    "calculadora": {
      "version": "file:../2.projeto 1 (criar pacote do projeto)"
    }
  }
}
